
Microsoft Visual Studio Solution File, Format Version 12.00
# Visual Studio Version 17
VisualStudioVersion = 17.1.32414.318
MinimumVisualStudioVersion = 10.0.40219.1
Project("{9A19103F-16F7-4668-BE54-9A1E7A4F7556}") = "Education.API", "Education.API\Education.API.csproj", "{0E4284E4-2491-4F40-A56D-D9D6F855F8BE}"
EndProject
Project("{9A19103F-16F7-4668-BE54-9A1E7A4F7556}") = "Education.Domain", "Education.Domain\Education.Domain.csproj", "{BF9438CE-5F0E-49D3-97B9-831F8E768831}"
EndProject
Project("{9A19103F-16F7-4668-BE54-9A1E7A4F7556}") = "Education.Infrastructure", "Education.Infrastructure\Education.Infrastructure.csproj", "{8403C2C2-CBE6-4EBA-BD06-40C91BD0D709}"
EndProject
Project("{9A19103F-16F7-4668-BE54-9A1E7A4F7556}") = "Education.Application", "Education.Application\Education.Application.csproj", "{53C8AD57-C511-4846-A85E-8B0208F74CF0}"
EndProject
Project("{9A19103F-16F7-4668-BE54-9A1E7A4F7556}") = "Education.ApiGateway", "Education.ApiGateway\Education.ApiGateway.csproj", "{96811C60-3129-43FF-9A94-EEA1527A4506}"
EndProject
Project("{9A19103F-16F7-4668-BE54-9A1E7A4F7556}") = "Education.ApplicationTests", "Education.ApplicationTests\Education.ApplicationTests.csproj", "{DF04B84E-FB4C-482A-BCA9-35702E783454}"
EndProject
Project("{2150E333-8FDC-42A3-9474-1A3956D46DE8}") = "Test", "Test", "{51E7BB6E-20B2-41DF-BEFE-139522728B0E}"
EndProject
Project("{E53339B2-1760-4266-BCC7-CA923CBCF16C}") = "docker-compose", "docker-compose.dcproj", "{33B54EE0-32EA-4843-ACDE-4F9C67F43871}"
EndProject
Global
	GlobalSection(SolutionConfigurationPlatforms) = preSolution
		Debug|Any CPU = Debug|Any CPU
		Release|Any CPU = Release|Any CPU
	EndGlobalSection
	GlobalSection(ProjectConfigurationPlatforms) = postSolution
		{0E4284E4-2491-4F40-A56D-D9D6F855F8BE}.Debug|Any CPU.ActiveCfg = Debug|Any CPU
		{0E4284E4-2491-4F40-A56D-D9D6F855F8BE}.Debug|Any CPU.Build.0 = Debug|Any CPU
		{0E4284E4-2491-4F40-A56D-D9D6F855F8BE}.Release|Any CPU.ActiveCfg = Release|Any CPU
		{0E4284E4-2491-4F40-A56D-D9D6F855F8BE}.Release|Any CPU.Build.0 = Release|Any CPU
		{BF9438CE-5F0E-49D3-97B9-831F8E768831}.Debug|Any CPU.ActiveCfg = Debug|Any CPU
		{BF9438CE-5F0E-49D3-97B9-831F8E768831}.Debug|Any CPU.Build.0 = Debug|Any CPU
		{BF9438CE-5F0E-49D3-97B9-831F8E768831}.Release|Any CPU.ActiveCfg = Release|Any CPU
		{BF9438CE-5F0E-49D3-97B9-831F8E768831}.Release|Any CPU.Build.0 = Release|Any CPU
		{8403C2C2-CBE6-4EBA-BD06-40C91BD0D709}.Debug|Any CPU.ActiveCfg = Debug|Any CPU
		{8403C2C2-CBE6-4EBA-BD06-40C91BD0D709}.Debug|Any CPU.Build.0 = Debug|Any CPU
		{8403C2C2-CBE6-4EBA-BD06-40C91BD0D709}.Release|Any CPU.ActiveCfg = Release|Any CPU
		{8403C2C2-CBE6-4EBA-BD06-40C91BD0D709}.Release|Any CPU.Build.0 = Release|Any CPU
		{53C8AD57-C511-4846-A85E-8B0208F74CF0}.Debug|Any CPU.ActiveCfg = Debug|Any CPU
		{53C8AD57-C511-4846-A85E-8B0208F74CF0}.Debug|Any CPU.Build.0 = Debug|Any CPU
		{53C8AD57-C511-4846-A85E-8B0208F74CF0}.Release|Any CPU.ActiveCfg = Release|Any CPU
		{53C8AD57-C511-4846-A85E-8B0208F74CF0}.Release|Any CPU.Build.0 = Release|Any CPU
		{96811C60-3129-43FF-9A94-EEA1527A4506}.Debug|Any CPU.ActiveCfg = Debug|Any CPU
		{96811C60-3129-43FF-9A94-EEA1527A4506}.Debug|Any CPU.Build.0 = Debug|Any CPU
		{96811C60-3129-43FF-9A94-EEA1527A4506}.Release|Any CPU.ActiveCfg = Release|Any CPU
		{96811C60-3129-43FF-9A94-EEA1527A4506}.Release|Any CPU.Build.0 = Release|Any CPU
		{DF04B84E-FB4C-482A-BCA9-35702E783454}.Debug|Any CPU.ActiveCfg = Debug|Any CPU
		{DF04B84E-FB4C-482A-BCA9-35702E783454}.Debug|Any CPU.Build.0 = Debug|Any CPU
		{DF04B84E-FB4C-482A-BCA9-35702E783454}.Release|Any CPU.ActiveCfg = Release|Any CPU
		{DF04B84E-FB4C-482A-BCA9-35702E783454}.Release|Any CPU.Build.0 = Release|Any CPU
		{33B54EE0-32EA-4843-ACDE-4F9C67F43871}.Debug|Any CPU.ActiveCfg = Debug|Any CPU
		{33B54EE0-32EA-4843-ACDE-4F9C67F43871}.Debug|Any CPU.Build.0 = Debug|Any CPU
		{33B54EE0-32EA-4843-ACDE-4F9C67F43871}.Release|Any CPU.ActiveCfg = Release|Any CPU
		{33B54EE0-32EA-4843-ACDE-4F9C67F43871}.Release|Any CPU.Build.0 = Release|Any CPU
	EndGlobalSection
	GlobalSection(SolutionProperties) = preSolution
		HideSolutionNode = FALSE
	EndGlobalSection
	GlobalSection(NestedProjects) = preSolution
		{DF04B84E-FB4C-482A-BCA9-35702E783454} = {51E7BB6E-20B2-41DF-BEFE-139522728B0E}
	EndGlobalSection
	GlobalSection(ExtensibilityGlobals) = postSolution
		SolutionGuid = {35D95A57-3E8C-4798-88AE-C847855A8ADA}
	EndGlobalSection
EndGlobal
